
Microsoft Visual Studio Solution File, Format Version 12.00
# Visual Studio Version 17
VisualStudioVersion = 17.9.34902.65
MinimumVisualStudioVersion = 10.0.40219.1
Project("{FAE04EC0-301F-11D3-BF4B-00C04F79EFBC}") = "APIConsumoExterno", "APIConsumoExterno\APIConsumoExterno.csproj", "{74293A6D-3F17-4F9B-B44E-6E8C8D8BD498}"
EndProject
Global
	GlobalSection(SolutionConfigurationPlatforms) = preSolution
		Debug|Any CPU = Debug|Any CPU
		Release|Any CPU = Release|Any CPU
	EndGlobalSection
	GlobalSection(ProjectConfigurationPlatforms) = postSolution
		{74293A6D-3F17-4F9B-B44E-6E8C8D8BD498}.Debug|Any CPU.ActiveCfg = Debug|Any CPU
		{74293A6D-3F17-4F9B-B44E-6E8C8D8BD498}.Debug|Any CPU.Build.0 = Debug|Any CPU
		{74293A6D-3F17-4F9B-B44E-6E8C8D8BD498}.Release|Any CPU.ActiveCfg = Release|Any CPU
		{74293A6D-3F17-4F9B-B44E-6E8C8D8BD498}.Release|Any CPU.Build.0 = Release|Any CPU
	EndGlobalSection
	GlobalSection(SolutionProperties) = preSolution
		HideSolutionNode = FALSE
	EndGlobalSection
	GlobalSection(ExtensibilityGlobals) = postSolution
		SolutionGuid = {8E35C17C-74FD-49CD-812B-C406D804C1CF}
	EndGlobalSection
EndGlobal
